// !$*UTF8*$!
{
	archiveVersion = 1;
	classes = {
	};
	objectVersion = 56;
	objects = {

/* Begin PBXBuildFile section */
		1B0FAB652B9DDF950030B31D /* AddTodoProtocols.swift in Sources */ = {isa = PBXBuildFile; fileRef = 1B0FAB642B9DDF950030B31D /* AddTodoProtocols.swift */; };
		1B0FAB702B9E45C80030B31D /* Notification+Extension.swift in Sources */ = {isa = PBXBuildFile; fileRef = 1B0FAB6F2B9E45C80030B31D /* Notification+Extension.swift */; };
		1B529D1D2BABC73E00AEA3D5 /* TodwoongDesign in Frameworks */ = {isa = PBXBuildFile; productRef = 1B529D1C2BABC73E00AEA3D5 /* TodwoongDesign */; };
		1B529D232BABC75100AEA3D5 /* FSCalendar in Frameworks */ = {isa = PBXBuildFile; productRef = 1B529D222BABC75100AEA3D5 /* FSCalendar */; };
		1B529D242BABC75400AEA3D5 /* TodwoongDesign in Embed Frameworks */ = {isa = PBXBuildFile; productRef = 1B529D1C2BABC73E00AEA3D5 /* TodwoongDesign */; settings = {ATTRIBUTES = (CodeSignOnCopy, ); }; };
		1B529D272BABC79400AEA3D5 /* SnapKit in Frameworks */ = {isa = PBXBuildFile; productRef = 1B529D262BABC79400AEA3D5 /* SnapKit */; };
		1B612E432B949BDD00DB0C1E /* TabBarController.swift in Sources */ = {isa = PBXBuildFile; fileRef = 1B612E422B949BDD00DB0C1E /* TabBarController.swift */; };
		1BA08A132B96F686001D3698 /* UIColor+Extension.swift in Sources */ = {isa = PBXBuildFile; fileRef = 1BA08A122B96F686001D3698 /* UIColor+Extension.swift */; };
		1BA08A5C2B9854D6001D3698 /* MapViewController.swift in Sources */ = {isa = PBXBuildFile; fileRef = 1BA08A5B2B9854D6001D3698 /* MapViewController.swift */; };
		1BA08A5E2B985506001D3698 /* MapView.swift in Sources */ = {isa = PBXBuildFile; fileRef = 1BA08A5D2B985506001D3698 /* MapView.swift */; };
		1BD2FACD2B88ACB00097694E /* AppDelegate.swift in Sources */ = {isa = PBXBuildFile; fileRef = 1BD2FACC2B88ACB00097694E /* AppDelegate.swift */; };
		1BD2FACF2B88ACB00097694E /* SceneDelegate.swift in Sources */ = {isa = PBXBuildFile; fileRef = 1BD2FACE2B88ACB00097694E /* SceneDelegate.swift */; };
		1BD2FAD12B88ACB00097694E /* TodoListViewController.swift in Sources */ = {isa = PBXBuildFile; fileRef = 1BD2FAD02B88ACB00097694E /* TodoListViewController.swift */; };
		1BD2FAD62B88ACB20097694E /* Assets.xcassets in Resources */ = {isa = PBXBuildFile; fileRef = 1BD2FAD52B88ACB20097694E /* Assets.xcassets */; };
		1BEDA5742B8F03DE003355E7 /* .swiftlint.yml in Resources */ = {isa = PBXBuildFile; fileRef = 1BEDA5732B8F03DE003355E7 /* .swiftlint.yml */; };
		1BF3535F2BA737E800E4B812 /* CoreDataProtocol.swift in Sources */ = {isa = PBXBuildFile; fileRef = 1BF3535E2BA737E800E4B812 /* CoreDataProtocol.swift */; };
		2E1CE1FF2BA47EAB000E522C /* GroupChipsView.swift in Sources */ = {isa = PBXBuildFile; fileRef = 2E1CE1FE2BA47EAB000E522C /* GroupChipsView.swift */; };
		2E1CE2042BA6FEDF000E522C /* AddTodoView.swift in Sources */ = {isa = PBXBuildFile; fileRef = 2E1CE2032BA6FEDF000E522C /* AddTodoView.swift */; };
		2E822D062BA2D6CE001ED00F /* AddTodoViewController.swift in Sources */ = {isa = PBXBuildFile; fileRef = 2E822D052BA2D6CE001ED00F /* AddTodoViewController.swift */; };
		2E822D092BA2F3AA001ED00F /* InfoChipView.swift in Sources */ = {isa = PBXBuildFile; fileRef = 2E822D082BA2F3AA001ED00F /* InfoChipView.swift */; };
		2E822D0B2BA2F3F6001ED00F /* ComponetsProtocols.swift in Sources */ = {isa = PBXBuildFile; fileRef = 2E822D0A2BA2F3F6001ED00F /* ComponetsProtocols.swift */; };
		2E822D0D2BA32ADD001ED00F /* GroupTableViewCell.swift in Sources */ = {isa = PBXBuildFile; fileRef = 2E822D0C2BA32ADD001ED00F /* GroupTableViewCell.swift */; };
		2E822D0F2BA3325F001ED00F /* TimeAlarmModal.swift in Sources */ = {isa = PBXBuildFile; fileRef = 2E822D0E2BA3325F001ED00F /* TimeAlarmModal.swift */; };
		2E822D112BA40DFE001ED00F /* TimeAlarmTableViewCell.swift in Sources */ = {isa = PBXBuildFile; fileRef = 2E822D102BA40DFE001ED00F /* TimeAlarmTableViewCell.swift */; };
		2E822D132BA414AA001ED00F /* PlaceAlarmModal.swift in Sources */ = {isa = PBXBuildFile; fileRef = 2E822D122BA414AA001ED00F /* PlaceAlarmModal.swift */; };
		2E822D152BA423F5001ED00F /* PlaceAlarmTableViewCell.swift in Sources */ = {isa = PBXBuildFile; fileRef = 2E822D142BA423F5001ED00F /* PlaceAlarmTableViewCell.swift */; };
		2E822D172BA4355D001ED00F /* DatePickerModal.swift in Sources */ = {isa = PBXBuildFile; fileRef = 2E822D162BA4355D001ED00F /* DatePickerModal.swift */; };
		2E822D192BA444A5001ED00F /* TimePickerModal.swift in Sources */ = {isa = PBXBuildFile; fileRef = 2E822D182BA444A5001ED00F /* TimePickerModal.swift */; };
		2E822D1B2BA44682001ED00F /* DatePickerTableViewCell.swift in Sources */ = {isa = PBXBuildFile; fileRef = 2E822D1A2BA44682001ED00F /* DatePickerTableViewCell.swift */; };
		2EB91FC82BA466BF006E0B60 /* LocationTableViewCell.swift in Sources */ = {isa = PBXBuildFile; fileRef = 2EB91FC72BA466BF006E0B60 /* LocationTableViewCell.swift */; };
		2EBF09392B984AE00023F0E0 /* CalenderViewController.swift in Sources */ = {isa = PBXBuildFile; fileRef = 2EBF09382B984AE00023F0E0 /* CalenderViewController.swift */; };
		2EF9C4E32B94D1C3005F8B76 /* AddTodoLocationPickerViewController.swift in Sources */ = {isa = PBXBuildFile; fileRef = 2EF9C4E22B94D1C3005F8B76 /* AddTodoLocationPickerViewController.swift */; };
		2EF9C4EB2B957A83005F8B76 /* AddTodoLocationPickerView.swift in Sources */ = {isa = PBXBuildFile; fileRef = 2EF9C4EA2B957A83005F8B76 /* AddTodoLocationPickerView.swift */; };
		2EF9C50D2B968A03005F8B76 /* GroupSelectModal.swift in Sources */ = {isa = PBXBuildFile; fileRef = 2EF9C50C2B968A03005F8B76 /* GroupSelectModal.swift */; };
		7F6C81272B963AE8002E77C4 /* UIImage+Extension.swift in Sources */ = {isa = PBXBuildFile; fileRef = 7F6C81262B963AE8002E77C4 /* UIImage+Extension.swift */; };
		7F7253CD2BA4334E00455100 /* AddGroupButton.swift in Sources */ = {isa = PBXBuildFile; fileRef = 7F7253CC2BA4334E00455100 /* AddGroupButton.swift */; };
		7F7253CF2BA433FA00455100 /* GroupTableView.swift in Sources */ = {isa = PBXBuildFile; fileRef = 7F7253CE2BA433FA00455100 /* GroupTableView.swift */; };
		7F89A4A22B987510002442CD /* TodoDetailViewController.swift in Sources */ = {isa = PBXBuildFile; fileRef = 7F89A4A12B987510002442CD /* TodoDetailViewController.swift */; };
		7F89A4A42B98F7E0002442CD /* TodoAnnotation.swift in Sources */ = {isa = PBXBuildFile; fileRef = 7F89A4A32B98F7E0002442CD /* TodoAnnotation.swift */; };
		7F89A4A62B995868002442CD /* TodoDetailView.swift in Sources */ = {isa = PBXBuildFile; fileRef = 7F89A4A52B995868002442CD /* TodoDetailView.swift */; };
		7FB433D92B96DDEB00F0C978 /* TDColor+Extension.swift in Sources */ = {isa = PBXBuildFile; fileRef = 7FB433D82B96DDEB00F0C978 /* TDColor+Extension.swift */; };
		7FDE10892B8ED61100821D8A /* Model.xcdatamodeld in Sources */ = {isa = PBXBuildFile; fileRef = 7FDE10872B8ED61100821D8A /* Model.xcdatamodeld */; };
		7FDE108C2B8ED89000821D8A /* PrevCoreDataManager.swift in Sources */ = {isa = PBXBuildFile; fileRef = 7FDE108B2B8ED89000821D8A /* PrevCoreDataManager.swift */; };
		7FE316452B9571F6004ED878 /* GroupListViewController.swift in Sources */ = {isa = PBXBuildFile; fileRef = 7FE316442B9571F6004ED878 /* GroupListViewController.swift */; };
		7FE316472B957227004ED878 /* GroupListTableViewCell.swift in Sources */ = {isa = PBXBuildFile; fileRef = 7FE316462B957227004ED878 /* GroupListTableViewCell.swift */; };
		7FE316492B95724F004ED878 /* ContentSizedViewCell.swift in Sources */ = {isa = PBXBuildFile; fileRef = 7FE316482B95724F004ED878 /* ContentSizedViewCell.swift */; };
		7FE3164B2B957275004ED878 /* GroupListView.swift in Sources */ = {isa = PBXBuildFile; fileRef = 7FE3164A2B957275004ED878 /* GroupListView.swift */; };
		E044AC192BABDF5D00D18EC9 /* CoreDataModel.swift in Sources */ = {isa = PBXBuildFile; fileRef = 1B5BCB4C2BA70AC300A7962D /* CoreDataModel.swift */; };
		E044AC1A2BABDF6000D18EC9 /* CoreDataManager.swift in Sources */ = {isa = PBXBuildFile; fileRef = 1B5BCB4A2BA705B500A7962D /* CoreDataManager.swift */; };
		E044AC1C2BABE03100D18EC9 /* TodoListTableViewCell.swift in Sources */ = {isa = PBXBuildFile; fileRef = E044AC1B2BABE03100D18EC9 /* TodoListTableViewCell.swift */; };
		E044AC1F2BAD583000D18EC9 /* Todo+CoreDataClass.swift in Sources */ = {isa = PBXBuildFile; fileRef = E044AC1D2BAD583000D18EC9 /* Todo+CoreDataClass.swift */; };
		E044AC202BAD583000D18EC9 /* Todo+CoreDataProperties.swift in Sources */ = {isa = PBXBuildFile; fileRef = E044AC1E2BAD583000D18EC9 /* Todo+CoreDataProperties.swift */; };
		E0EACB582B8F7F8E00BBEB0B /* OnboardingViewController.swift in Sources */ = {isa = PBXBuildFile; fileRef = E0EACB572B8F7F8E00BBEB0B /* OnboardingViewController.swift */; };
		E0EACB5B2B8F7FF200BBEB0B /* OnboardingView.swift in Sources */ = {isa = PBXBuildFile; fileRef = E0EACB5A2B8F7FF200BBEB0B /* OnboardingView.swift */; };
		E0EACB672B907EC700BBEB0B /* TodoListView.swift in Sources */ = {isa = PBXBuildFile; fileRef = E0EACB662B907EC700BBEB0B /* TodoListView.swift */; };
		E0EACB692B907EF800BBEB0B /* GroupCollectionViewCell.swift in Sources */ = {isa = PBXBuildFile; fileRef = E0EACB682B907EF800BBEB0B /* GroupCollectionViewCell.swift */; };
		E0EACB6F2B971CE200BBEB0B /* AddGroupViewController.swift in Sources */ = {isa = PBXBuildFile; fileRef = E0EACB6E2B971CE200BBEB0B /* AddGroupViewController.swift */; };
		E0EACB722B971D7400BBEB0B /* AddGroupView.swift in Sources */ = {isa = PBXBuildFile; fileRef = E0EACB712B971D7400BBEB0B /* AddGroupView.swift */; };
		E0F4CFD32B9AA7BC00DF94D4 /* LaunchScreenViewController.swift in Sources */ = {isa = PBXBuildFile; fileRef = E0F4CFD22B9AA7BC00DF94D4 /* LaunchScreenViewController.swift */; };
		E0F4CFD52B9AB34B00DF94D4 /* LaunchScreenView.swift in Sources */ = {isa = PBXBuildFile; fileRef = E0F4CFD42B9AB34B00DF94D4 /* LaunchScreenView.swift */; };
		E0F4CFD72B9ACBC700DF94D4 /* PreferencesViewController.swift in Sources */ = {isa = PBXBuildFile; fileRef = E0F4CFD62B9ACBC700DF94D4 /* PreferencesViewController.swift */; };
		E0F4CFD92B9ACBDE00DF94D4 /* PreferencesView.swift in Sources */ = {isa = PBXBuildFile; fileRef = E0F4CFD82B9ACBDE00DF94D4 /* PreferencesView.swift */; };
		E0F4CFDD2B9ACD7E00DF94D4 /* PreferencesTableViewCell.swift in Sources */ = {isa = PBXBuildFile; fileRef = E0F4CFDC2B9ACD7E00DF94D4 /* PreferencesTableViewCell.swift */; };
		E0F4CFDF2B9AD54D00DF94D4 /* PreferencesModel.swift in Sources */ = {isa = PBXBuildFile; fileRef = E0F4CFDE2B9AD54D00DF94D4 /* PreferencesModel.swift */; };
/* End PBXBuildFile section */

/* Begin PBXCopyFilesBuildPhase section */
		1B1681A42B9ADDD70039C239 /* Embed Frameworks */ = {
			isa = PBXCopyFilesBuildPhase;
			buildActionMask = 2147483647;
			dstPath = "";
			dstSubfolderSpec = 10;
			files = (
				1B529D242BABC75400AEA3D5 /* TodwoongDesign in Embed Frameworks */,
			);
			name = "Embed Frameworks";
			runOnlyForDeploymentPostprocessing = 0;
		};
/* End PBXCopyFilesBuildPhase section */

/* Begin PBXFileReference section */
		1B0FAB642B9DDF950030B31D /* AddTodoProtocols.swift */ = {isa = PBXFileReference; lastKnownFileType = sourcecode.swift; path = AddTodoProtocols.swift; sourceTree = "<group>"; };
		1B0FAB6F2B9E45C80030B31D /* Notification+Extension.swift */ = {isa = PBXFileReference; lastKnownFileType = sourcecode.swift; path = "Notification+Extension.swift"; sourceTree = "<group>"; };
		1B5BCB4A2BA705B500A7962D /* CoreDataManager.swift */ = {isa = PBXFileReference; lastKnownFileType = sourcecode.swift; path = CoreDataManager.swift; sourceTree = "<group>"; };
		1B5BCB4C2BA70AC300A7962D /* CoreDataModel.swift */ = {isa = PBXFileReference; lastKnownFileType = sourcecode.swift; path = CoreDataModel.swift; sourceTree = "<group>"; };
		1B612E422B949BDD00DB0C1E /* TabBarController.swift */ = {isa = PBXFileReference; lastKnownFileType = sourcecode.swift; path = TabBarController.swift; sourceTree = "<group>"; };
		1BA08A122B96F686001D3698 /* UIColor+Extension.swift */ = {isa = PBXFileReference; lastKnownFileType = sourcecode.swift; path = "UIColor+Extension.swift"; sourceTree = "<group>"; };
		1BA08A5B2B9854D6001D3698 /* MapViewController.swift */ = {isa = PBXFileReference; lastKnownFileType = sourcecode.swift; path = MapViewController.swift; sourceTree = "<group>"; };
		1BA08A5D2B985506001D3698 /* MapView.swift */ = {isa = PBXFileReference; lastKnownFileType = sourcecode.swift; path = MapView.swift; sourceTree = "<group>"; };
		1BD2FAC92B88ACB00097694E /* ToDwoong.app */ = {isa = PBXFileReference; explicitFileType = wrapper.application; includeInIndex = 0; path = ToDwoong.app; sourceTree = BUILT_PRODUCTS_DIR; };
		1BD2FACC2B88ACB00097694E /* AppDelegate.swift */ = {isa = PBXFileReference; lastKnownFileType = sourcecode.swift; path = AppDelegate.swift; sourceTree = "<group>"; };
		1BD2FACE2B88ACB00097694E /* SceneDelegate.swift */ = {isa = PBXFileReference; lastKnownFileType = sourcecode.swift; path = SceneDelegate.swift; sourceTree = "<group>"; };
		1BD2FAD02B88ACB00097694E /* TodoListViewController.swift */ = {isa = PBXFileReference; lastKnownFileType = sourcecode.swift; path = TodoListViewController.swift; sourceTree = "<group>"; };
		1BD2FAD52B88ACB20097694E /* Assets.xcassets */ = {isa = PBXFileReference; lastKnownFileType = folder.assetcatalog; path = Assets.xcassets; sourceTree = "<group>"; };
		1BD2FADA2B88ACB20097694E /* Info.plist */ = {isa = PBXFileReference; lastKnownFileType = text.plist.xml; path = Info.plist; sourceTree = "<group>"; };
		1BEDA5732B8F03DE003355E7 /* .swiftlint.yml */ = {isa = PBXFileReference; lastKnownFileType = text.yaml; path = .swiftlint.yml; sourceTree = "<group>"; };
		1BF3535E2BA737E800E4B812 /* CoreDataProtocol.swift */ = {isa = PBXFileReference; lastKnownFileType = sourcecode.swift; path = CoreDataProtocol.swift; sourceTree = "<group>"; };
		2E1CE1FE2BA47EAB000E522C /* GroupChipsView.swift */ = {isa = PBXFileReference; lastKnownFileType = sourcecode.swift; path = GroupChipsView.swift; sourceTree = "<group>"; };
		2E1CE2032BA6FEDF000E522C /* AddTodoView.swift */ = {isa = PBXFileReference; lastKnownFileType = sourcecode.swift; path = AddTodoView.swift; sourceTree = "<group>"; };
		2E822D052BA2D6CE001ED00F /* AddTodoViewController.swift */ = {isa = PBXFileReference; lastKnownFileType = sourcecode.swift; path = AddTodoViewController.swift; sourceTree = "<group>"; };
		2E822D082BA2F3AA001ED00F /* InfoChipView.swift */ = {isa = PBXFileReference; lastKnownFileType = sourcecode.swift; path = InfoChipView.swift; sourceTree = "<group>"; };
		2E822D0A2BA2F3F6001ED00F /* ComponetsProtocols.swift */ = {isa = PBXFileReference; lastKnownFileType = sourcecode.swift; path = ComponetsProtocols.swift; sourceTree = "<group>"; };
		2E822D0C2BA32ADD001ED00F /* GroupTableViewCell.swift */ = {isa = PBXFileReference; lastKnownFileType = sourcecode.swift; path = GroupTableViewCell.swift; sourceTree = "<group>"; };
		2E822D0E2BA3325F001ED00F /* TimeAlarmModal.swift */ = {isa = PBXFileReference; lastKnownFileType = sourcecode.swift; path = TimeAlarmModal.swift; sourceTree = "<group>"; };
		2E822D102BA40DFE001ED00F /* TimeAlarmTableViewCell.swift */ = {isa = PBXFileReference; lastKnownFileType = sourcecode.swift; path = TimeAlarmTableViewCell.swift; sourceTree = "<group>"; };
		2E822D122BA414AA001ED00F /* PlaceAlarmModal.swift */ = {isa = PBXFileReference; lastKnownFileType = sourcecode.swift; path = PlaceAlarmModal.swift; sourceTree = "<group>"; };
		2E822D142BA423F5001ED00F /* PlaceAlarmTableViewCell.swift */ = {isa = PBXFileReference; lastKnownFileType = sourcecode.swift; path = PlaceAlarmTableViewCell.swift; sourceTree = "<group>"; };
		2E822D162BA4355D001ED00F /* DatePickerModal.swift */ = {isa = PBXFileReference; lastKnownFileType = sourcecode.swift; path = DatePickerModal.swift; sourceTree = "<group>"; };
		2E822D182BA444A5001ED00F /* TimePickerModal.swift */ = {isa = PBXFileReference; lastKnownFileType = sourcecode.swift; path = TimePickerModal.swift; sourceTree = "<group>"; };
		2E822D1A2BA44682001ED00F /* DatePickerTableViewCell.swift */ = {isa = PBXFileReference; lastKnownFileType = sourcecode.swift; path = DatePickerTableViewCell.swift; sourceTree = "<group>"; };
		2EB91FC72BA466BF006E0B60 /* LocationTableViewCell.swift */ = {isa = PBXFileReference; lastKnownFileType = sourcecode.swift; path = LocationTableViewCell.swift; sourceTree = "<group>"; };
		2EBF09382B984AE00023F0E0 /* CalenderViewController.swift */ = {isa = PBXFileReference; lastKnownFileType = sourcecode.swift; path = CalenderViewController.swift; sourceTree = "<group>"; };
		2EF9C4E22B94D1C3005F8B76 /* AddTodoLocationPickerViewController.swift */ = {isa = PBXFileReference; lastKnownFileType = sourcecode.swift; path = AddTodoLocationPickerViewController.swift; sourceTree = "<group>"; };
		2EF9C4EA2B957A83005F8B76 /* AddTodoLocationPickerView.swift */ = {isa = PBXFileReference; lastKnownFileType = sourcecode.swift; path = AddTodoLocationPickerView.swift; sourceTree = "<group>"; };
		2EF9C50C2B968A03005F8B76 /* GroupSelectModal.swift */ = {isa = PBXFileReference; lastKnownFileType = sourcecode.swift; path = GroupSelectModal.swift; sourceTree = "<group>"; };
		7F6C81262B963AE8002E77C4 /* UIImage+Extension.swift */ = {isa = PBXFileReference; lastKnownFileType = sourcecode.swift; path = "UIImage+Extension.swift"; sourceTree = "<group>"; };
		7F7253CC2BA4334E00455100 /* AddGroupButton.swift */ = {isa = PBXFileReference; lastKnownFileType = sourcecode.swift; path = AddGroupButton.swift; sourceTree = "<group>"; };
		7F7253CE2BA433FA00455100 /* GroupTableView.swift */ = {isa = PBXFileReference; lastKnownFileType = sourcecode.swift; path = GroupTableView.swift; sourceTree = "<group>"; };
		7F89A4A12B987510002442CD /* TodoDetailViewController.swift */ = {isa = PBXFileReference; lastKnownFileType = sourcecode.swift; path = TodoDetailViewController.swift; sourceTree = "<group>"; };
		7F89A4A32B98F7E0002442CD /* TodoAnnotation.swift */ = {isa = PBXFileReference; lastKnownFileType = sourcecode.swift; path = TodoAnnotation.swift; sourceTree = "<group>"; };
		7F89A4A52B995868002442CD /* TodoDetailView.swift */ = {isa = PBXFileReference; lastKnownFileType = sourcecode.swift; path = TodoDetailView.swift; sourceTree = "<group>"; };
		7FB433D82B96DDEB00F0C978 /* TDColor+Extension.swift */ = {isa = PBXFileReference; lastKnownFileType = sourcecode.swift; path = "TDColor+Extension.swift"; sourceTree = "<group>"; };
		7FDE10882B8ED61100821D8A /* Model.xcdatamodel */ = {isa = PBXFileReference; lastKnownFileType = wrapper.xcdatamodel; path = Model.xcdatamodel; sourceTree = "<group>"; };
		7FDE108B2B8ED89000821D8A /* PrevCoreDataManager.swift */ = {isa = PBXFileReference; lastKnownFileType = sourcecode.swift; path = PrevCoreDataManager.swift; sourceTree = "<group>"; };
		7FE316442B9571F6004ED878 /* GroupListViewController.swift */ = {isa = PBXFileReference; lastKnownFileType = sourcecode.swift; path = GroupListViewController.swift; sourceTree = "<group>"; };
		7FE316462B957227004ED878 /* GroupListTableViewCell.swift */ = {isa = PBXFileReference; lastKnownFileType = sourcecode.swift; path = GroupListTableViewCell.swift; sourceTree = "<group>"; };
		7FE316482B95724F004ED878 /* ContentSizedViewCell.swift */ = {isa = PBXFileReference; lastKnownFileType = sourcecode.swift; path = ContentSizedViewCell.swift; sourceTree = "<group>"; };
		7FE3164A2B957275004ED878 /* GroupListView.swift */ = {isa = PBXFileReference; lastKnownFileType = sourcecode.swift; path = GroupListView.swift; sourceTree = "<group>"; };
		E044AC1B2BABE03100D18EC9 /* TodoListTableViewCell.swift */ = {isa = PBXFileReference; lastKnownFileType = sourcecode.swift; path = TodoListTableViewCell.swift; sourceTree = "<group>"; };
		E044AC1D2BAD583000D18EC9 /* Todo+CoreDataClass.swift */ = {isa = PBXFileReference; lastKnownFileType = sourcecode.swift; path = "Todo+CoreDataClass.swift"; sourceTree = "<group>"; };
		E044AC1E2BAD583000D18EC9 /* Todo+CoreDataProperties.swift */ = {isa = PBXFileReference; lastKnownFileType = sourcecode.swift; path = "Todo+CoreDataProperties.swift"; sourceTree = "<group>"; };
		E0EACB572B8F7F8E00BBEB0B /* OnboardingViewController.swift */ = {isa = PBXFileReference; lastKnownFileType = sourcecode.swift; name = OnboardingViewController.swift; path = ToDwoong/Presentation/LaunchScreen/ViewController/OnboardingViewController.swift; sourceTree = SOURCE_ROOT; };
		E0EACB5A2B8F7FF200BBEB0B /* OnboardingView.swift */ = {isa = PBXFileReference; lastKnownFileType = sourcecode.swift; path = OnboardingView.swift; sourceTree = "<group>"; };
		E0EACB662B907EC700BBEB0B /* TodoListView.swift */ = {isa = PBXFileReference; lastKnownFileType = sourcecode.swift; path = TodoListView.swift; sourceTree = "<group>"; };
		E0EACB682B907EF800BBEB0B /* GroupCollectionViewCell.swift */ = {isa = PBXFileReference; lastKnownFileType = sourcecode.swift; path = GroupCollectionViewCell.swift; sourceTree = "<group>"; };
		E0EACB6E2B971CE200BBEB0B /* AddGroupViewController.swift */ = {isa = PBXFileReference; lastKnownFileType = sourcecode.swift; name = AddGroupViewController.swift; path = ToDwoong/Presentation/AddGroup/ViewController/AddGroupViewController.swift; sourceTree = SOURCE_ROOT; };
		E0EACB712B971D7400BBEB0B /* AddGroupView.swift */ = {isa = PBXFileReference; lastKnownFileType = sourcecode.swift; path = AddGroupView.swift; sourceTree = "<group>"; };
		E0F4CFD22B9AA7BC00DF94D4 /* LaunchScreenViewController.swift */ = {isa = PBXFileReference; lastKnownFileType = sourcecode.swift; path = LaunchScreenViewController.swift; sourceTree = "<group>"; };
		E0F4CFD42B9AB34B00DF94D4 /* LaunchScreenView.swift */ = {isa = PBXFileReference; lastKnownFileType = sourcecode.swift; name = LaunchScreenView.swift; path = ToDwoong/Presentation/LaunchScreen/View/LaunchScreenView.swift; sourceTree = SOURCE_ROOT; };
		E0F4CFD62B9ACBC700DF94D4 /* PreferencesViewController.swift */ = {isa = PBXFileReference; lastKnownFileType = sourcecode.swift; name = PreferencesViewController.swift; path = ToDwoong/Presentation/Preferences/ViewController/PreferencesViewController.swift; sourceTree = SOURCE_ROOT; };
		E0F4CFD82B9ACBDE00DF94D4 /* PreferencesView.swift */ = {isa = PBXFileReference; lastKnownFileType = sourcecode.swift; name = PreferencesView.swift; path = ToDwoong/Presentation/Preferences/View/PreferencesView.swift; sourceTree = SOURCE_ROOT; };
		E0F4CFDC2B9ACD7E00DF94D4 /* PreferencesTableViewCell.swift */ = {isa = PBXFileReference; lastKnownFileType = sourcecode.swift; path = PreferencesTableViewCell.swift; sourceTree = "<group>"; };
		E0F4CFDE2B9AD54D00DF94D4 /* PreferencesModel.swift */ = {isa = PBXFileReference; lastKnownFileType = sourcecode.swift; path = PreferencesModel.swift; sourceTree = "<group>"; };
/* End PBXFileReference section */

/* Begin PBXFrameworksBuildPhase section */
		1BD2FAC62B88ACB00097694E /* Frameworks */ = {
			isa = PBXFrameworksBuildPhase;
			buildActionMask = 2147483647;
			files = (
				1B529D272BABC79400AEA3D5 /* SnapKit in Frameworks */,
				1B529D1D2BABC73E00AEA3D5 /* TodwoongDesign in Frameworks */,
				1B529D232BABC75100AEA3D5 /* FSCalendar in Frameworks */,
			);
			runOnlyForDeploymentPostprocessing = 0;
		};
/* End PBXFrameworksBuildPhase section */

/* Begin PBXGroup section */
		1B612E412B949BCE00DB0C1E /* TabBar */ = {
			isa = PBXGroup;
			children = (
				1B612E422B949BDD00DB0C1E /* TabBarController.swift */,
			);
			path = TabBar;
			sourceTree = "<group>";
		};
		1BA08A592B9854BE001D3698 /* ViewController */ = {
			isa = PBXGroup;
			children = (
				1BA08A5B2B9854D6001D3698 /* MapViewController.swift */,
				7F89A4A12B987510002442CD /* TodoDetailViewController.swift */,
			);
			path = ViewController;
			sourceTree = "<group>";
		};
		1BA08A5A2B9854C6001D3698 /* View */ = {
			isa = PBXGroup;
			children = (
				1BA08A5D2B985506001D3698 /* MapView.swift */,
				7F89A4A32B98F7E0002442CD /* TodoAnnotation.swift */,
				7F89A4A52B995868002442CD /* TodoDetailView.swift */,
			);
			path = View;
			sourceTree = "<group>";
		};
		1BA63ACD2B8E8CF8008F49CE /* TodoList */ = {
			isa = PBXGroup;
			children = (
				E0EACB652B907EA300BBEB0B /* View */,
				E0EACB642B907E8700BBEB0B /* ViewController */,
			);
			path = TodoList;
			sourceTree = "<group>";
		};
		1BA63ACE2B8E8D07008F49CE /* AddTodo */ = {
			isa = PBXGroup;
			children = (
				2E1CE20A2BA95760000E522C /* Modals */,
				2EF9C4DD2B9497D7005F8B76 /* Views */,
				2EA0630B2B906769007C9373 /* ViewController */,
				2EF9C4D82B92996F005F8B76 /* Cells */,
			);
			path = AddTodo;
			sourceTree = "<group>";
		};
		1BA63ACF2B8E8D0F008F49CE /* GroupList */ = {
			isa = PBXGroup;
			children = (
				7FE316382B90754A004ED878 /* View */,
				7FE316392B907554004ED878 /* ViewController */,
			);
			path = GroupList;
			sourceTree = "<group>";
		};
		1BA63AD02B8E8D1B008F49CE /* AddGroup */ = {
			isa = PBXGroup;
			children = (
				E0EACB702B971CF400BBEB0B /* ViewController */,
				E0EACB732B971D7A00BBEB0B /* View */,
			);
			path = AddGroup;
			sourceTree = "<group>";
		};
		1BA63AD12B8E8D20008F49CE /* Map */ = {
			isa = PBXGroup;
			children = (
				1BA08A5A2B9854C6001D3698 /* View */,
				1BA08A592B9854BE001D3698 /* ViewController */,
			);
			path = Map;
			sourceTree = "<group>";
		};
		1BA63AD22B8E8D42008F49CE /* Calender */ = {
			isa = PBXGroup;
			children = (
				2EBF09372B984A6A0023F0E0 /* ViewController */,
			);
			path = Calender;
			sourceTree = "<group>";
		};
		1BA63AD32B8E8D55008F49CE /* Preferences */ = {
			isa = PBXGroup;
			children = (
				E0F4CFDB2B9ACBF100DF94D4 /* ViewController */,
				E0F4CFDA2B9ACBE600DF94D4 /* View */,
				E0F4CFE02B9AD55200DF94D4 /* Model */,
			);
			path = Preferences;
			sourceTree = "<group>";
		};
		1BA63AD42B8E8D81008F49CE /* LaunchScreen */ = {
			isa = PBXGroup;
			children = (
				E0EACB5C2B8F7FF900BBEB0B /* View */,
				E0EACB592B8F7FCD00BBEB0B /* ViewController */,
			);
			path = LaunchScreen;
			sourceTree = "<group>";
		};
		1BD2FAC02B88ACB00097694E = {
			isa = PBXGroup;
			children = (
				1BD2FACB2B88ACB00097694E /* ToDwoong */,
				1BD2FACA2B88ACB00097694E /* Products */,
			);
			sourceTree = "<group>";
		};
		1BD2FACA2B88ACB00097694E /* Products */ = {
			isa = PBXGroup;
			children = (
				1BD2FAC92B88ACB00097694E /* ToDwoong.app */,
			);
			name = Products;
			sourceTree = "<group>";
		};
		1BD2FACB2B88ACB00097694E /* ToDwoong */ = {
			isa = PBXGroup;
			children = (
				1BD2FADA2B88ACB20097694E /* Info.plist */,
				1BEDA5732B8F03DE003355E7 /* .swiftlint.yml */,
				1BD2FAE02B88AE320097694E /* Global */,
				1BD2FAE12B88AE3B0097694E /* Presentation */,
			);
			path = ToDwoong;
			sourceTree = "<group>";
		};
		1BD2FAE02B88AE320097694E /* Global */ = {
			isa = PBXGroup;
			children = (
				7F6C81252B963ABA002E77C4 /* Extensions */,
				7FDE108A2B8ED7C100821D8A /* CoreData */,
				1BD2FAE22B88AE470097694E /* App */,
				1BD2FAE32B88AE540097694E /* Support */,
				2EF9C5032B96845A005F8B76 /* Protocols */,
			);
			path = Global;
			sourceTree = "<group>";
		};
		1BD2FAE12B88AE3B0097694E /* Presentation */ = {
			isa = PBXGroup;
			children = (
				7F4BD95D2BA2E9E100FC2C2C /* ReusableView */,
				1B612E412B949BCE00DB0C1E /* TabBar */,
				1BA63AD42B8E8D81008F49CE /* LaunchScreen */,
				1BA63ACD2B8E8CF8008F49CE /* TodoList */,
				1BA63ACE2B8E8D07008F49CE /* AddTodo */,
				1BA63ACF2B8E8D0F008F49CE /* GroupList */,
				1BA63AD02B8E8D1B008F49CE /* AddGroup */,
				1BA63AD22B8E8D42008F49CE /* Calender */,
				1BA63AD12B8E8D20008F49CE /* Map */,
				1BA63AD32B8E8D55008F49CE /* Preferences */,
			);
			path = Presentation;
			sourceTree = "<group>";
		};
		1BD2FAE22B88AE470097694E /* App */ = {
			isa = PBXGroup;
			children = (
				1BD2FACC2B88ACB00097694E /* AppDelegate.swift */,
				1BD2FACE2B88ACB00097694E /* SceneDelegate.swift */,
			);
			path = App;
			sourceTree = "<group>";
		};
		1BD2FAE32B88AE540097694E /* Support */ = {
			isa = PBXGroup;
			children = (
				1BD2FAD52B88ACB20097694E /* Assets.xcassets */,
			);
			path = Support;
			sourceTree = "<group>";
		};
		2E1CE20A2BA95760000E522C /* Modals */ = {
			isa = PBXGroup;
			children = (
				2EF9C50C2B968A03005F8B76 /* GroupSelectModal.swift */,
				2E822D0E2BA3325F001ED00F /* TimeAlarmModal.swift */,
				2E822D122BA414AA001ED00F /* PlaceAlarmModal.swift */,
				2E822D162BA4355D001ED00F /* DatePickerModal.swift */,
				2E822D182BA444A5001ED00F /* TimePickerModal.swift */,
			);
			path = Modals;
			sourceTree = "<group>";
		};
		2EA0630B2B906769007C9373 /* ViewController */ = {
			isa = PBXGroup;
			children = (
				2EF9C4E22B94D1C3005F8B76 /* AddTodoLocationPickerViewController.swift */,
				2E822D052BA2D6CE001ED00F /* AddTodoViewController.swift */,
			);
			path = ViewController;
			sourceTree = "<group>";
		};
		2EBF09372B984A6A0023F0E0 /* ViewController */ = {
			isa = PBXGroup;
			children = (
				2EBF09382B984AE00023F0E0 /* CalenderViewController.swift */,
			);
			path = ViewController;
			sourceTree = "<group>";
		};
		2EF9C4D82B92996F005F8B76 /* Cells */ = {
			isa = PBXGroup;
			children = (
				2E822D0C2BA32ADD001ED00F /* GroupTableViewCell.swift */,
				2E822D102BA40DFE001ED00F /* TimeAlarmTableViewCell.swift */,
				2E822D142BA423F5001ED00F /* PlaceAlarmTableViewCell.swift */,
				2E822D1A2BA44682001ED00F /* DatePickerTableViewCell.swift */,
				2EB91FC72BA466BF006E0B60 /* LocationTableViewCell.swift */,
			);
			path = Cells;
			sourceTree = "<group>";
		};
		2EF9C4DD2B9497D7005F8B76 /* Views */ = {
			isa = PBXGroup;
			children = (
				2EF9C4EA2B957A83005F8B76 /* AddTodoLocationPickerView.swift */,
				2E1CE2032BA6FEDF000E522C /* AddTodoView.swift */,
			);
			path = Views;
			sourceTree = "<group>";
		};
		2EF9C5032B96845A005F8B76 /* Protocols */ = {
			isa = PBXGroup;
			children = (
				1B0FAB642B9DDF950030B31D /* AddTodoProtocols.swift */,
				2E822D0A2BA2F3F6001ED00F /* ComponetsProtocols.swift */,
			);
			path = Protocols;
			sourceTree = "<group>";
		};
		7F4BD95D2BA2E9E100FC2C2C /* ReusableView */ = {
			isa = PBXGroup;
			children = (
				2E822D082BA2F3AA001ED00F /* InfoChipView.swift */,
				2E1CE1FE2BA47EAB000E522C /* GroupChipsView.swift */,
			);
			path = ReusableView;
			sourceTree = "<group>";
		};
		7F6C81252B963ABA002E77C4 /* Extensions */ = {
			isa = PBXGroup;
			children = (
				7F6C81262B963AE8002E77C4 /* UIImage+Extension.swift */,
				7FB433D82B96DDEB00F0C978 /* TDColor+Extension.swift */,
				1BA08A122B96F686001D3698 /* UIColor+Extension.swift */,
				1B0FAB6F2B9E45C80030B31D /* Notification+Extension.swift */,
			);
			path = Extensions;
			sourceTree = "<group>";
		};
		7FDE108A2B8ED7C100821D8A /* CoreData */ = {
			isa = PBXGroup;
			children = (
				E044AC1D2BAD583000D18EC9 /* Todo+CoreDataClass.swift */,
				E044AC1E2BAD583000D18EC9 /* Todo+CoreDataProperties.swift */,
				7FDE10872B8ED61100821D8A /* Model.xcdatamodeld */,
				7FDE108B2B8ED89000821D8A /* PrevCoreDataManager.swift */,
				1B5BCB4A2BA705B500A7962D /* CoreDataManager.swift */,
				1B5BCB4C2BA70AC300A7962D /* CoreDataModel.swift */,
				1BF3535E2BA737E800E4B812 /* CoreDataProtocol.swift */,
			);
			path = CoreData;
			sourceTree = "<group>";
		};
		7FE316382B90754A004ED878 /* View */ = {
			isa = PBXGroup;
			children = (
				7FE316462B957227004ED878 /* GroupListTableViewCell.swift */,
				7FE316482B95724F004ED878 /* ContentSizedViewCell.swift */,
				7FE3164A2B957275004ED878 /* GroupListView.swift */,
				7F7253CC2BA4334E00455100 /* AddGroupButton.swift */,
				7F7253CE2BA433FA00455100 /* GroupTableView.swift */,
			);
			path = View;
			sourceTree = "<group>";
		};
		7FE316392B907554004ED878 /* ViewController */ = {
			isa = PBXGroup;
			children = (
				7FE316442B9571F6004ED878 /* GroupListViewController.swift */,
			);
			path = ViewController;
			sourceTree = "<group>";
		};
		E0EACB592B8F7FCD00BBEB0B /* ViewController */ = {
			isa = PBXGroup;
			children = (
				E0EACB572B8F7F8E00BBEB0B /* OnboardingViewController.swift */,
				E0F4CFD22B9AA7BC00DF94D4 /* LaunchScreenViewController.swift */,
			);
			path = ViewController;
			sourceTree = "<group>";
		};
		E0EACB5C2B8F7FF900BBEB0B /* View */ = {
			isa = PBXGroup;
			children = (
				E0F4CFD42B9AB34B00DF94D4 /* LaunchScreenView.swift */,
				E0EACB5A2B8F7FF200BBEB0B /* OnboardingView.swift */,
			);
			path = View;
			sourceTree = "<group>";
		};
		E0EACB642B907E8700BBEB0B /* ViewController */ = {
			isa = PBXGroup;
			children = (
				1BD2FAD02B88ACB00097694E /* TodoListViewController.swift */,
			);
			path = ViewController;
			sourceTree = "<group>";
		};
		E0EACB652B907EA300BBEB0B /* View */ = {
			isa = PBXGroup;
			children = (
				E0EACB662B907EC700BBEB0B /* TodoListView.swift */,
				E0EACB682B907EF800BBEB0B /* GroupCollectionViewCell.swift */,
				E044AC1B2BABE03100D18EC9 /* TodoListTableViewCell.swift */,
			);
			path = View;
			sourceTree = "<group>";
		};
		E0EACB702B971CF400BBEB0B /* ViewController */ = {
			isa = PBXGroup;
			children = (
				E0EACB6E2B971CE200BBEB0B /* AddGroupViewController.swift */,
			);
			path = ViewController;
			sourceTree = "<group>";
		};
		E0EACB732B971D7A00BBEB0B /* View */ = {
			isa = PBXGroup;
			children = (
				E0EACB712B971D7400BBEB0B /* AddGroupView.swift */,
			);
			path = View;
			sourceTree = "<group>";
		};
		E0F4CFDA2B9ACBE600DF94D4 /* View */ = {
			isa = PBXGroup;
			children = (
				E0F4CFD82B9ACBDE00DF94D4 /* PreferencesView.swift */,
				E0F4CFDC2B9ACD7E00DF94D4 /* PreferencesTableViewCell.swift */,
			);
			path = View;
			sourceTree = "<group>";
		};
		E0F4CFDB2B9ACBF100DF94D4 /* ViewController */ = {
			isa = PBXGroup;
			children = (
				E0F4CFD62B9ACBC700DF94D4 /* PreferencesViewController.swift */,
			);
			path = ViewController;
			sourceTree = "<group>";
		};
		E0F4CFE02B9AD55200DF94D4 /* Model */ = {
			isa = PBXGroup;
			children = (
				E0F4CFDE2B9AD54D00DF94D4 /* PreferencesModel.swift */,
			);
			path = Model;
			sourceTree = "<group>";
		};
/* End PBXGroup section */

/* Begin PBXNativeTarget section */
		1BD2FAC82B88ACB00097694E /* ToDwoong */ = {
			isa = PBXNativeTarget;
			buildConfigurationList = 1BD2FADD2B88ACB20097694E /* Build configuration list for PBXNativeTarget "ToDwoong" */;
			buildPhases = (
				1BC7A5FB2B8EF67100B9F6A8 /* Swift Lint */,
				1BD2FAC52B88ACB00097694E /* Sources */,
				1BD2FAC62B88ACB00097694E /* Frameworks */,
				1BD2FAC72B88ACB00097694E /* Resources */,
				1B1681A42B9ADDD70039C239 /* Embed Frameworks */,
			);
			buildRules = (
			);
			dependencies = (
			);
			name = ToDwoong;
			packageProductDependencies = (
				1B529D1C2BABC73E00AEA3D5 /* TodwoongDesign */,
				1B529D222BABC75100AEA3D5 /* FSCalendar */,
				1B529D262BABC79400AEA3D5 /* SnapKit */,
			);
			productName = ToDwoong;
			productReference = 1BD2FAC92B88ACB00097694E /* ToDwoong.app */;
			productType = "com.apple.product-type.application";
		};
/* End PBXNativeTarget section */

/* Begin PBXProject section */
		1BD2FAC12B88ACB00097694E /* Project object */ = {
			isa = PBXProject;
			attributes = {
				BuildIndependentTargetsInParallel = 1;
				LastSwiftUpdateCheck = 1500;
				LastUpgradeCheck = 1500;
				TargetAttributes = {
					1BD2FAC82B88ACB00097694E = {
						CreatedOnToolsVersion = 15.0.1;
					};
				};
			};
			buildConfigurationList = 1BD2FAC42B88ACB00097694E /* Build configuration list for PBXProject "ToDwoong" */;
			compatibilityVersion = "Xcode 14.0";
			developmentRegion = en;
			hasScannedForEncodings = 0;
			knownRegions = (
				en,
				Base,
			);
			mainGroup = 1BD2FAC02B88ACB00097694E;
			packageReferences = (
				1B529D1B2BABC73E00AEA3D5 /* XCRemoteSwiftPackageReference "TodwoongDesign" */,
				1B529D212BABC75100AEA3D5 /* XCRemoteSwiftPackageReference "FSCalendar" */,
				1B529D252BABC79400AEA3D5 /* XCRemoteSwiftPackageReference "SnapKit" */,
			);
			productRefGroup = 1BD2FACA2B88ACB00097694E /* Products */;
			projectDirPath = "";
			projectRoot = "";
			targets = (
				1BD2FAC82B88ACB00097694E /* ToDwoong */,
			);
		};
/* End PBXProject section */

/* Begin PBXResourcesBuildPhase section */
		1BD2FAC72B88ACB00097694E /* Resources */ = {
			isa = PBXResourcesBuildPhase;
			buildActionMask = 2147483647;
			files = (
				1BEDA5742B8F03DE003355E7 /* .swiftlint.yml in Resources */,
				1BD2FAD62B88ACB20097694E /* Assets.xcassets in Resources */,
			);
			runOnlyForDeploymentPostprocessing = 0;
		};
/* End PBXResourcesBuildPhase section */

/* Begin PBXShellScriptBuildPhase section */
		1BC7A5FB2B8EF67100B9F6A8 /* Swift Lint */ = {
			isa = PBXShellScriptBuildPhase;
			alwaysOutOfDate = 1;
			buildActionMask = 2147483647;
			files = (
			);
			inputFileListPaths = (
			);
			inputPaths = (
			);
			name = "Swift Lint";
			outputFileListPaths = (
			);
			outputPaths = (
			);
			runOnlyForDeploymentPostprocessing = 0;
			shellPath = /bin/sh;
			shellScript = "export PATH=\"$PATH:/opt/homebrew/bin\"\nif which swiftlint > /dev/null; then\n  swiftlint\nelse\n  echo \"warning: SwiftLint not installed, download from https://github.com/realm/SwiftLint\"\nfi\n";
		};
/* End PBXShellScriptBuildPhase section */

/* Begin PBXSourcesBuildPhase section */
		1BD2FAC52B88ACB00097694E /* Sources */ = {
			isa = PBXSourcesBuildPhase;
			buildActionMask = 2147483647;
			files = (
				E0F4CFD32B9AA7BC00DF94D4 /* LaunchScreenViewController.swift in Sources */,
				7F6C81272B963AE8002E77C4 /* UIImage+Extension.swift in Sources */,
				2EBF09392B984AE00023F0E0 /* CalenderViewController.swift in Sources */,
				7FE316452B9571F6004ED878 /* GroupListViewController.swift in Sources */,
				7FE316492B95724F004ED878 /* ContentSizedViewCell.swift in Sources */,
				1BA08A132B96F686001D3698 /* UIColor+Extension.swift in Sources */,
				1BD2FAD12B88ACB00097694E /* TodoListViewController.swift in Sources */,
				E0EACB692B907EF800BBEB0B /* GroupCollectionViewCell.swift in Sources */,
				2E822D092BA2F3AA001ED00F /* InfoChipView.swift in Sources */,
				E0F4CFD72B9ACBC700DF94D4 /* PreferencesViewController.swift in Sources */,
				2E822D062BA2D6CE001ED00F /* AddTodoViewController.swift in Sources */,
				1B612E432B949BDD00DB0C1E /* TabBarController.swift in Sources */,
				7FB433D92B96DDEB00F0C978 /* TDColor+Extension.swift in Sources */,
				E0EACB582B8F7F8E00BBEB0B /* OnboardingViewController.swift in Sources */,
				2E822D112BA40DFE001ED00F /* TimeAlarmTableViewCell.swift in Sources */,
				E0EACB672B907EC700BBEB0B /* TodoListView.swift in Sources */,
				1BD2FACD2B88ACB00097694E /* AppDelegate.swift in Sources */,
				E044AC1C2BABE03100D18EC9 /* TodoListTableViewCell.swift in Sources */,
				1B0FAB652B9DDF950030B31D /* AddTodoProtocols.swift in Sources */,
				7F7253CF2BA433FA00455100 /* GroupTableView.swift in Sources */,
				7FE316472B957227004ED878 /* GroupListTableViewCell.swift in Sources */,
				2E1CE2042BA6FEDF000E522C /* AddTodoView.swift in Sources */,
				2E822D132BA414AA001ED00F /* PlaceAlarmModal.swift in Sources */,
				E044AC202BAD583000D18EC9 /* Todo+CoreDataProperties.swift in Sources */,
				E0EACB722B971D7400BBEB0B /* AddGroupView.swift in Sources */,
				2E822D0F2BA3325F001ED00F /* TimeAlarmModal.swift in Sources */,
				2E822D172BA4355D001ED00F /* DatePickerModal.swift in Sources */,
				E044AC1F2BAD583000D18EC9 /* Todo+CoreDataClass.swift in Sources */,
				1BA08A5E2B985506001D3698 /* MapView.swift in Sources */,
				E0F4CFD92B9ACBDE00DF94D4 /* PreferencesView.swift in Sources */,
				1BD2FACF2B88ACB00097694E /* SceneDelegate.swift in Sources */,
				E0F4CFDD2B9ACD7E00DF94D4 /* PreferencesTableViewCell.swift in Sources */,
				E0F4CFDF2B9AD54D00DF94D4 /* PreferencesModel.swift in Sources */,
				7F89A4A62B995868002442CD /* TodoDetailView.swift in Sources */,
				1B0FAB702B9E45C80030B31D /* Notification+Extension.swift in Sources */,
				7F89A4A42B98F7E0002442CD /* TodoAnnotation.swift in Sources */,
				E044AC192BABDF5D00D18EC9 /* CoreDataModel.swift in Sources */,
				2EF9C50D2B968A03005F8B76 /* GroupSelectModal.swift in Sources */,
				2EF9C4E32B94D1C3005F8B76 /* AddTodoLocationPickerViewController.swift in Sources */,
				E0EACB6F2B971CE200BBEB0B /* AddGroupViewController.swift in Sources */,
				2E822D0B2BA2F3F6001ED00F /* ComponetsProtocols.swift in Sources */,
				7FDE108C2B8ED89000821D8A /* PrevCoreDataManager.swift in Sources */,
				1BA08A5C2B9854D6001D3698 /* MapViewController.swift in Sources */,
				2E822D1B2BA44682001ED00F /* DatePickerTableViewCell.swift in Sources */,
				E0F4CFD52B9AB34B00DF94D4 /* LaunchScreenView.swift in Sources */,
				7FDE10892B8ED61100821D8A /* Model.xcdatamodeld in Sources */,
				7F7253CD2BA4334E00455100 /* AddGroupButton.swift in Sources */,
				7FE3164B2B957275004ED878 /* GroupListView.swift in Sources */,
				1BF3535F2BA737E800E4B812 /* CoreDataProtocol.swift in Sources */,
				2EF9C4EB2B957A83005F8B76 /* AddTodoLocationPickerView.swift in Sources */,
				E0EACB5B2B8F7FF200BBEB0B /* OnboardingView.swift in Sources */,
				2E822D192BA444A5001ED00F /* TimePickerModal.swift in Sources */,
				7F89A4A22B987510002442CD /* TodoDetailViewController.swift in Sources */,
				2EB91FC82BA466BF006E0B60 /* LocationTableViewCell.swift in Sources */,
				2E822D0D2BA32ADD001ED00F /* GroupTableViewCell.swift in Sources */,
				2E822D152BA423F5001ED00F /* PlaceAlarmTableViewCell.swift in Sources */,
				E044AC1A2BABDF6000D18EC9 /* CoreDataManager.swift in Sources */,
				2E1CE1FF2BA47EAB000E522C /* GroupChipsView.swift in Sources */,
			);
			runOnlyForDeploymentPostprocessing = 0;
		};
/* End PBXSourcesBuildPhase section */

/* Begin XCBuildConfiguration section */
		1BD2FADB2B88ACB20097694E /* Debug */ = {
			isa = XCBuildConfiguration;
			buildSettings = {
				ALWAYS_SEARCH_USER_PATHS = NO;
				ASSETCATALOG_COMPILER_GENERATE_SWIFT_ASSET_SYMBOL_EXTENSIONS = YES;
				CLANG_ANALYZER_NONNULL = YES;
				CLANG_ANALYZER_NUMBER_OBJECT_CONVERSION = YES_AGGRESSIVE;
				CLANG_CXX_LANGUAGE_STANDARD = "gnu++20";
				CLANG_ENABLE_MODULES = YES;
				CLANG_ENABLE_OBJC_ARC = YES;
				CLANG_ENABLE_OBJC_WEAK = YES;
				CLANG_WARN_BLOCK_CAPTURE_AUTORELEASING = YES;
				CLANG_WARN_BOOL_CONVERSION = YES;
				CLANG_WARN_COMMA = YES;
				CLANG_WARN_CONSTANT_CONVERSION = YES;
				CLANG_WARN_DEPRECATED_OBJC_IMPLEMENTATIONS = YES;
				CLANG_WARN_DIRECT_OBJC_ISA_USAGE = YES_ERROR;
				CLANG_WARN_DOCUMENTATION_COMMENTS = YES;
				CLANG_WARN_EMPTY_BODY = YES;
				CLANG_WARN_ENUM_CONVERSION = YES;
				CLANG_WARN_INFINITE_RECURSION = YES;
				CLANG_WARN_INT_CONVERSION = YES;
				CLANG_WARN_NON_LITERAL_NULL_CONVERSION = YES;
				CLANG_WARN_OBJC_IMPLICIT_RETAIN_SELF = YES;
				CLANG_WARN_OBJC_LITERAL_CONVERSION = YES;
				CLANG_WARN_OBJC_ROOT_CLASS = YES_ERROR;
				CLANG_WARN_QUOTED_INCLUDE_IN_FRAMEWORK_HEADER = YES;
				CLANG_WARN_RANGE_LOOP_ANALYSIS = YES;
				CLANG_WARN_STRICT_PROTOTYPES = YES;
				CLANG_WARN_SUSPICIOUS_MOVE = YES;
				CLANG_WARN_UNGUARDED_AVAILABILITY = YES_AGGRESSIVE;
				CLANG_WARN_UNREACHABLE_CODE = YES;
				CLANG_WARN__DUPLICATE_METHOD_MATCH = YES;
				COPY_PHASE_STRIP = NO;
				DEBUG_INFORMATION_FORMAT = dwarf;
				ENABLE_STRICT_OBJC_MSGSEND = YES;
				ENABLE_TESTABILITY = YES;
				ENABLE_USER_SCRIPT_SANDBOXING = YES;
				GCC_C_LANGUAGE_STANDARD = gnu17;
				GCC_DYNAMIC_NO_PIC = NO;
				GCC_NO_COMMON_BLOCKS = YES;
				GCC_OPTIMIZATION_LEVEL = 0;
				GCC_PREPROCESSOR_DEFINITIONS = (
					"DEBUG=1",
					"$(inherited)",
				);
				GCC_WARN_64_TO_32_BIT_CONVERSION = YES;
				GCC_WARN_ABOUT_RETURN_TYPE = YES_ERROR;
				GCC_WARN_UNDECLARED_SELECTOR = YES;
				GCC_WARN_UNINITIALIZED_AUTOS = YES_AGGRESSIVE;
				GCC_WARN_UNUSED_FUNCTION = YES;
				GCC_WARN_UNUSED_VARIABLE = YES;
				INFOPLIST_KEY_CFBundleDisplayName = "투둥";
				IPHONEOS_DEPLOYMENT_TARGET = 15.0;
				LOCALIZATION_PREFERS_STRING_CATALOGS = YES;
				MTL_ENABLE_DEBUG_INFO = INCLUDE_SOURCE;
				MTL_FAST_MATH = YES;
				ONLY_ACTIVE_ARCH = YES;
				SDKROOT = iphoneos;
				SWIFT_ACTIVE_COMPILATION_CONDITIONS = "DEBUG $(inherited)";
				SWIFT_OPTIMIZATION_LEVEL = "-Onone";
			};
			name = Debug;
		};
		1BD2FADC2B88ACB20097694E /* Release */ = {
			isa = XCBuildConfiguration;
			buildSettings = {
				ALWAYS_SEARCH_USER_PATHS = NO;
				ASSETCATALOG_COMPILER_GENERATE_SWIFT_ASSET_SYMBOL_EXTENSIONS = YES;
				CLANG_ANALYZER_NONNULL = YES;
				CLANG_ANALYZER_NUMBER_OBJECT_CONVERSION = YES_AGGRESSIVE;
				CLANG_CXX_LANGUAGE_STANDARD = "gnu++20";
				CLANG_ENABLE_MODULES = YES;
				CLANG_ENABLE_OBJC_ARC = YES;
				CLANG_ENABLE_OBJC_WEAK = YES;
				CLANG_WARN_BLOCK_CAPTURE_AUTORELEASING = YES;
				CLANG_WARN_BOOL_CONVERSION = YES;
				CLANG_WARN_COMMA = YES;
				CLANG_WARN_CONSTANT_CONVERSION = YES;
				CLANG_WARN_DEPRECATED_OBJC_IMPLEMENTATIONS = YES;
				CLANG_WARN_DIRECT_OBJC_ISA_USAGE = YES_ERROR;
				CLANG_WARN_DOCUMENTATION_COMMENTS = YES;
				CLANG_WARN_EMPTY_BODY = YES;
				CLANG_WARN_ENUM_CONVERSION = YES;
				CLANG_WARN_INFINITE_RECURSION = YES;
				CLANG_WARN_INT_CONVERSION = YES;
				CLANG_WARN_NON_LITERAL_NULL_CONVERSION = YES;
				CLANG_WARN_OBJC_IMPLICIT_RETAIN_SELF = YES;
				CLANG_WARN_OBJC_LITERAL_CONVERSION = YES;
				CLANG_WARN_OBJC_ROOT_CLASS = YES_ERROR;
				CLANG_WARN_QUOTED_INCLUDE_IN_FRAMEWORK_HEADER = YES;
				CLANG_WARN_RANGE_LOOP_ANALYSIS = YES;
				CLANG_WARN_STRICT_PROTOTYPES = YES;
				CLANG_WARN_SUSPICIOUS_MOVE = YES;
				CLANG_WARN_UNGUARDED_AVAILABILITY = YES_AGGRESSIVE;
				CLANG_WARN_UNREACHABLE_CODE = YES;
				CLANG_WARN__DUPLICATE_METHOD_MATCH = YES;
				COPY_PHASE_STRIP = NO;
				DEBUG_INFORMATION_FORMAT = "dwarf-with-dsym";
				ENABLE_NS_ASSERTIONS = NO;
				ENABLE_STRICT_OBJC_MSGSEND = YES;
				ENABLE_USER_SCRIPT_SANDBOXING = YES;
				GCC_C_LANGUAGE_STANDARD = gnu17;
				GCC_NO_COMMON_BLOCKS = YES;
				GCC_WARN_64_TO_32_BIT_CONVERSION = YES;
				GCC_WARN_ABOUT_RETURN_TYPE = YES_ERROR;
				GCC_WARN_UNDECLARED_SELECTOR = YES;
				GCC_WARN_UNINITIALIZED_AUTOS = YES_AGGRESSIVE;
				GCC_WARN_UNUSED_FUNCTION = YES;
				GCC_WARN_UNUSED_VARIABLE = YES;
				INFOPLIST_KEY_CFBundleDisplayName = "투둥";
				IPHONEOS_DEPLOYMENT_TARGET = 15.0;
				LOCALIZATION_PREFERS_STRING_CATALOGS = YES;
				MTL_ENABLE_DEBUG_INFO = NO;
				MTL_FAST_MATH = YES;
				SDKROOT = iphoneos;
				SWIFT_COMPILATION_MODE = wholemodule;
				VALIDATE_PRODUCT = YES;
			};
			name = Release;
		};
		1BD2FADE2B88ACB20097694E /* Debug */ = {
			isa = XCBuildConfiguration;
			buildSettings = {
				ASSETCATALOG_COMPILER_APPICON_NAME = AppIcon;
				ASSETCATALOG_COMPILER_GLOBAL_ACCENT_COLOR_NAME = AccentColor;
				CODE_SIGN_IDENTITY = "Apple Development";
				"CODE_SIGN_IDENTITY[sdk=iphoneos*]" = "iPhone Distribution";
				CODE_SIGN_STYLE = Manual;
				CURRENT_PROJECT_VERSION = 4;
				DEVELOPMENT_TEAM = "";
				"DEVELOPMENT_TEAM[sdk=iphoneos*]" = P7S6PTG765;
				ENABLE_USER_SCRIPT_SANDBOXING = NO;
				FRAMEWORK_SEARCH_PATHS = "$(inherited)";
				GENERATE_INFOPLIST_FILE = YES;
				INFOPLIST_FILE = ToDwoong/Info.plist;
				INFOPLIST_KEY_CFBundleDisplayName = "투둥";
				INFOPLIST_KEY_LSApplicationCategoryType = "public.app-category.productivity";
				INFOPLIST_KEY_NSLocationAlwaysAndWhenInUseUsageDescription = "투두 그룹 추가시 위치 정보 저장, 지도 화면 사용을 위하여 위치정보 접근 권한을 허용해주세요. 설정에서 이를 변경할 수 있습니다.";
				INFOPLIST_KEY_NSLocationWhenInUseUsageDescription = "투두 그룹 추가시 위치 정보 저장, 지도 화면 사용을 위하여 위치정보 접근 권한을 허용해주세요. 설정에서 이를 변경할 수 있습니다.";
				INFOPLIST_KEY_UIApplicationSupportsIndirectInputEvents = YES;
				INFOPLIST_KEY_UILaunchStoryboardName = LaunchScreen;
				INFOPLIST_KEY_UISupportedInterfaceOrientations = UIInterfaceOrientationPortrait;
				INFOPLIST_KEY_UISupportedInterfaceOrientations_iPad = "UIInterfaceOrientationLandscapeLeft UIInterfaceOrientationLandscapeRight UIInterfaceOrientationPortrait UIInterfaceOrientationPortraitUpsideDown";
				INFOPLIST_KEY_UIUserInterfaceStyle = Light;
				LD_RUNPATH_SEARCH_PATHS = (
					"$(inherited)",
					"@executable_path/Frameworks",
				);
				MARKETING_VERSION = 1.0.0;
				PRODUCT_BUNDLE_IDENTIFIER = com.NBCAMP4.ToDwoong;
				PRODUCT_NAME = "$(TARGET_NAME)";
				PROVISIONING_PROFILE_SPECIFIER = "";
				"PROVISIONING_PROFILE_SPECIFIER[sdk=iphoneos*]" = "App Store com.NBCAMP4.ToDwoong";
				SUPPORTED_PLATFORMS = "iphoneos iphonesimulator";
				SUPPORTS_MACCATALYST = NO;
				SUPPORTS_MAC_DESIGNED_FOR_IPHONE_IPAD = NO;
				SUPPORTS_XR_DESIGNED_FOR_IPHONE_IPAD = NO;
				SWIFT_EMIT_LOC_STRINGS = YES;
				SWIFT_VERSION = 5.0;
				TARGETED_DEVICE_FAMILY = 1;
			};
			name = Debug;
		};
		1BD2FADF2B88ACB20097694E /* Release */ = {
			isa = XCBuildConfiguration;
			buildSettings = {
				ASSETCATALOG_COMPILER_APPICON_NAME = AppIcon;
				ASSETCATALOG_COMPILER_GLOBAL_ACCENT_COLOR_NAME = AccentColor;
				CODE_SIGN_IDENTITY = "Apple Development";
				"CODE_SIGN_IDENTITY[sdk=iphoneos*]" = "iPhone Distribution";
				CODE_SIGN_STYLE = Manual;
				CURRENT_PROJECT_VERSION = 4;
				DEVELOPMENT_TEAM = "";
				"DEVELOPMENT_TEAM[sdk=iphoneos*]" = P7S6PTG765;
				ENABLE_USER_SCRIPT_SANDBOXING = NO;
				FRAMEWORK_SEARCH_PATHS = "$(inherited)";
				GENERATE_INFOPLIST_FILE = YES;
				INFOPLIST_FILE = ToDwoong/Info.plist;
				INFOPLIST_KEY_CFBundleDisplayName = "투둥";
				INFOPLIST_KEY_LSApplicationCategoryType = "public.app-category.productivity";
				INFOPLIST_KEY_NSLocationAlwaysAndWhenInUseUsageDescription = "투두 그룹 추가시 위치 정보 저장, 지도 화면 사용을 위하여 위치정보 접근 권한을 허용해주세요. 설정에서 이를 변경할 수 있습니다.";
				INFOPLIST_KEY_NSLocationWhenInUseUsageDescription = "투두 그룹 추가시 위치 정보 저장, 지도 화면 사용을 위하여 위치정보 접근 권한을 허용해주세요. 설정에서 이를 변경할 수 있습니다.";
				INFOPLIST_KEY_UIApplicationSupportsIndirectInputEvents = YES;
				INFOPLIST_KEY_UILaunchStoryboardName = LaunchScreen;
				INFOPLIST_KEY_UISupportedInterfaceOrientations = UIInterfaceOrientationPortrait;
				INFOPLIST_KEY_UISupportedInterfaceOrientations_iPad = "UIInterfaceOrientationLandscapeLeft UIInterfaceOrientationLandscapeRight UIInterfaceOrientationPortrait UIInterfaceOrientationPortraitUpsideDown";
				INFOPLIST_KEY_UIUserInterfaceStyle = Light;
				LD_RUNPATH_SEARCH_PATHS = (
					"$(inherited)",
					"@executable_path/Frameworks",
				);
				MARKETING_VERSION = 1.0.0;
				PRODUCT_BUNDLE_IDENTIFIER = com.NBCAMP4.ToDwoong;
				PRODUCT_NAME = "$(TARGET_NAME)";
				PROVISIONING_PROFILE_SPECIFIER = "";
				"PROVISIONING_PROFILE_SPECIFIER[sdk=iphoneos*]" = "App Store com.NBCAMP4.ToDwoong";
				SUPPORTED_PLATFORMS = "iphoneos iphonesimulator";
				SUPPORTS_MACCATALYST = NO;
				SUPPORTS_MAC_DESIGNED_FOR_IPHONE_IPAD = NO;
				SUPPORTS_XR_DESIGNED_FOR_IPHONE_IPAD = NO;
				SWIFT_EMIT_LOC_STRINGS = YES;
				SWIFT_VERSION = 5.0;
				TARGETED_DEVICE_FAMILY = 1;
			};
			name = Release;
		};
/* End XCBuildConfiguration section */

/* Begin XCConfigurationList section */
		1BD2FAC42B88ACB00097694E /* Build configuration list for PBXProject "ToDwoong" */ = {
			isa = XCConfigurationList;
			buildConfigurations = (
				1BD2FADB2B88ACB20097694E /* Debug */,
				1BD2FADC2B88ACB20097694E /* Release */,
			);
			defaultConfigurationIsVisible = 0;
			defaultConfigurationName = Release;
		};
		1BD2FADD2B88ACB20097694E /* Build configuration list for PBXNativeTarget "ToDwoong" */ = {
			isa = XCConfigurationList;
			buildConfigurations = (
				1BD2FADE2B88ACB20097694E /* Debug */,
				1BD2FADF2B88ACB20097694E /* Release */,
			);
			defaultConfigurationIsVisible = 0;
			defaultConfigurationName = Release;
		};
/* End XCConfigurationList section */

/* Begin XCRemoteSwiftPackageReference section */
		1B529D1B2BABC73E00AEA3D5 /* XCRemoteSwiftPackageReference "TodwoongDesign" */ = {
			isa = XCRemoteSwiftPackageReference;
			repositoryURL = "https://github.com/NBCAMP-ToDwoong/TodwoongDesign.git";
			requirement = {
				kind = upToNextMajorVersion;
				minimumVersion = 1.1.1;
			};
		};
		1B529D212BABC75100AEA3D5 /* XCRemoteSwiftPackageReference "FSCalendar" */ = {
			isa = XCRemoteSwiftPackageReference;
			repositoryURL = "https://github.com/WenchaoD/FSCalendar.git";
			requirement = {
				kind = upToNextMajorVersion;
				minimumVersion = 2.8.4;
			};
		};
		1B529D252BABC79400AEA3D5 /* XCRemoteSwiftPackageReference "SnapKit" */ = {
			isa = XCRemoteSwiftPackageReference;
			repositoryURL = "https://github.com/SnapKit/SnapKit.git";
			requirement = {
				kind = upToNextMajorVersion;
				minimumVersion = 5.7.1;
			};
		};
/* End XCRemoteSwiftPackageReference section */

/* Begin XCSwiftPackageProductDependency section */
		1B529D1C2BABC73E00AEA3D5 /* TodwoongDesign */ = {
			isa = XCSwiftPackageProductDependency;
			package = 1B529D1B2BABC73E00AEA3D5 /* XCRemoteSwiftPackageReference "TodwoongDesign" */;
			productName = TodwoongDesign;
		};
		1B529D222BABC75100AEA3D5 /* FSCalendar */ = {
			isa = XCSwiftPackageProductDependency;
			package = 1B529D212BABC75100AEA3D5 /* XCRemoteSwiftPackageReference "FSCalendar" */;
			productName = FSCalendar;
		};
		1B529D262BABC79400AEA3D5 /* SnapKit */ = {
			isa = XCSwiftPackageProductDependency;
			package = 1B529D252BABC79400AEA3D5 /* XCRemoteSwiftPackageReference "SnapKit" */;
			productName = SnapKit;
		};
/* End XCSwiftPackageProductDependency section */

/* Begin XCVersionGroup section */
		7FDE10872B8ED61100821D8A /* Model.xcdatamodeld */ = {
			isa = XCVersionGroup;
			children = (
				7FDE10882B8ED61100821D8A /* Model.xcdatamodel */,
			);
			currentVersion = 7FDE10882B8ED61100821D8A /* Model.xcdatamodel */;
			path = Model.xcdatamodeld;
			sourceTree = "<group>";
			versionGroupType = wrapper.xcdatamodel;
		};
/* End XCVersionGroup section */
	};
	rootObject = 1BD2FAC12B88ACB00097694E /* Project object */;
}
