{
  "originHash" : "df31307b7d1219079d4acf63a2f7bb49dcd455316ead2bcecc5b40cdf2435bed",
  "pins" : [
    {
      "identity" : "fscalendar",
      "kind" : "remoteSourceControl",
      "location" : "https://github.com/WenchaoD/FSCalendar.git",
      "state" : {
        "revision" : "0fbdec5172fccb90f707472eeaea4ffe095278f6",
        "version" : "2.8.4"
      }
    },
    {
      "identity" : "snapkit",
      "kind" : "remoteSourceControl",
      "location" : "https://github.com/SnapKit/SnapKit.git",
      "state" : {
        "revision" : "2842e6e84e82eb9a8dac0100ca90d9444b0307f4",
        "version" : "5.7.1"
      }
    },
    {
      "identity" : "todwoongdesign",
      "kind" : "remoteSourceControl",
      "location" : "https://github.com/NBCAMP-ToDwoong/TodwoongDesign.git",
      "state" : {
        "revision" : "492aba8363a1ca6ea3a6af170262e11df505b0f9",
        "version" : "1.1.5"
      }
    }
  ],
  "version" : 3
}
